
Microsoft Visual Studio Solution File, Format Version 12.00
# Visual Studio Version 16
VisualStudioVersion = 16.0.30804.86
MinimumVisualStudioVersion = 10.0.40219.1
Project("{FAE04EC0-301F-11D3-BF4B-00C04F79EFBC}") = "Calculadora-02", "Calculadora-02.csproj", "{CA04DD14-7D3D-48C0-83F2-273E17B82432}"
EndProject
Global
	GlobalSection(SolutionConfigurationPlatforms) = preSolution
		Debug|Any CPU = Debug|Any CPU
		Release|Any CPU = Release|Any CPU
	EndGlobalSection
	GlobalSection(ProjectConfigurationPlatforms) = postSolution
		{CA04DD14-7D3D-48C0-83F2-273E17B82432}.Debug|Any CPU.ActiveCfg = Debug|Any CPU
		{CA04DD14-7D3D-48C0-83F2-273E17B82432}.Debug|Any CPU.Build.0 = Debug|Any CPU
		{CA04DD14-7D3D-48C0-83F2-273E17B82432}.Release|Any CPU.ActiveCfg = Release|Any CPU
		{CA04DD14-7D3D-48C0-83F2-273E17B82432}.Release|Any CPU.Build.0 = Release|Any CPU
	EndGlobalSection
	GlobalSection(SolutionProperties) = preSolution
		HideSolutionNode = FALSE
	EndGlobalSection
	GlobalSection(ExtensibilityGlobals) = postSolution
		SolutionGuid = {7443B42C-A352-413B-89B7-6AC272E50DC7}
	EndGlobalSection
EndGlobal
